// !$*UTF8*$!
{
	archiveVersion = 1;
	classes = {
	};
	objectVersion = 50;
	objects = {

/* Begin PBXBuildFile section */
		4866ABBC24CE4B6100294BBD /* MyoScanTabViewController.swift in Sources */ = {isa = PBXBuildFile; fileRef = 4866ABBB24CE4B6100294BBD /* MyoScanTabViewController.swift */; };
		488CE69024D61BEF00572452 /* WalkthroughCollectionViewCell.swift in Sources */ = {isa = PBXBuildFile; fileRef = 488CE68E24D61BEF00572452 /* WalkthroughCollectionViewCell.swift */; };
		488CE69124D61BEF00572452 /* WalkthroughCollectionViewCell.xib in Resources */ = {isa = PBXBuildFile; fileRef = 488CE68F24D61BEF00572452 /* WalkthroughCollectionViewCell.xib */; };
		488CE69324D61F6900572452 /* UPCarouselFlowLayout.swift in Sources */ = {isa = PBXBuildFile; fileRef = 488CE69224D61F6900572452 /* UPCarouselFlowLayout.swift */; };
		489F1B7024CE1F4B00CE816B /* AppDelegate.swift in Sources */ = {isa = PBXBuildFile; fileRef = 489F1B6F24CE1F4B00CE816B /* AppDelegate.swift */; };
		489F1B7224CE1F4B00CE816B /* SceneDelegate.swift in Sources */ = {isa = PBXBuildFile; fileRef = 489F1B7124CE1F4B00CE816B /* SceneDelegate.swift */; };
		489F1B7424CE1F4B00CE816B /* ViewController.swift in Sources */ = {isa = PBXBuildFile; fileRef = 489F1B7324CE1F4B00CE816B /* ViewController.swift */; };
		489F1B7724CE1F4B00CE816B /* Main.storyboard in Resources */ = {isa = PBXBuildFile; fileRef = 489F1B7524CE1F4B00CE816B /* Main.storyboard */; };
		489F1B7924CE1F4E00CE816B /* Assets.xcassets in Resources */ = {isa = PBXBuildFile; fileRef = 489F1B7824CE1F4E00CE816B /* Assets.xcassets */; };
		489F1B7C24CE1F4E00CE816B /* LaunchScreen.storyboard in Resources */ = {isa = PBXBuildFile; fileRef = 489F1B7A24CE1F4E00CE816B /* LaunchScreen.storyboard */; };
		489F1B8724CE1F4E00CE816B /* MyoScanTests.swift in Sources */ = {isa = PBXBuildFile; fileRef = 489F1B8624CE1F4E00CE816B /* MyoScanTests.swift */; };
		489F1B9224CE1F4E00CE816B /* MyoScanUITests.swift in Sources */ = {isa = PBXBuildFile; fileRef = 489F1B9124CE1F4E00CE816B /* MyoScanUITests.swift */; };
		48FFA65A24CE2C19002E3251 /* MyoScanViewController.swift in Sources */ = {isa = PBXBuildFile; fileRef = 48FFA65924CE2C19002E3251 /* MyoScanViewController.swift */; };
		48FFA65C24CE2C74002E3251 /* NavViewController.swift in Sources */ = {isa = PBXBuildFile; fileRef = 48FFA65B24CE2C74002E3251 /* NavViewController.swift */; };
		C57C31BA24D7796E000623D8 /* AuthorizeViewController.swift in Sources */ = {isa = PBXBuildFile; fileRef = C57C31B924D7796E000623D8 /* AuthorizeViewController.swift */; };
		C58FA52024CF580600B0C741 /* DeviceSelectViewController.swift in Sources */ = {isa = PBXBuildFile; fileRef = C58FA51F24CF580600B0C741 /* DeviceSelectViewController.swift */; };
		C58FA52224CF5B2C00B0C741 /* BLEControl.swift in Sources */ = {isa = PBXBuildFile; fileRef = C58FA52124CF5B2C00B0C741 /* BLEControl.swift */; };
		C58FA52424CF5F9900B0C741 /* DevicePairingConstants.swift in Sources */ = {isa = PBXBuildFile; fileRef = C58FA52324CF5F9900B0C741 /* DevicePairingConstants.swift */; };
		C58FA52624CF707A00B0C741 /* PairViewController.swift in Sources */ = {isa = PBXBuildFile; fileRef = C58FA52524CF707A00B0C741 /* PairViewController.swift */; };
		C58FA52824CF70F100B0C741 /* StreamViewController.swift in Sources */ = {isa = PBXBuildFile; fileRef = C58FA52724CF70F100B0C741 /* StreamViewController.swift */; };
		C58FA52E24D0E9E300B0C741 /* HealthKit.framework in Frameworks */ = {isa = PBXBuildFile; fileRef = C58FA52D24D0E9E300B0C741 /* HealthKit.framework */; };
/* End PBXBuildFile section */

/* Begin PBXContainerItemProxy section */
		489F1B8324CE1F4E00CE816B /* PBXContainerItemProxy */ = {
			isa = PBXContainerItemProxy;
			containerPortal = 489F1B6424CE1F4A00CE816B /* Project object */;
			proxyType = 1;
			remoteGlobalIDString = 489F1B6B24CE1F4B00CE816B;
			remoteInfo = MyoScan;
		};
		489F1B8E24CE1F4E00CE816B /* PBXContainerItemProxy */ = {
			isa = PBXContainerItemProxy;
			containerPortal = 489F1B6424CE1F4A00CE816B /* Project object */;
			proxyType = 1;
			remoteGlobalIDString = 489F1B6B24CE1F4B00CE816B;
			remoteInfo = MyoScan;
		};
/* End PBXContainerItemProxy section */

/* Begin PBXFileReference section */
		4866ABBB24CE4B6100294BBD /* MyoScanTabViewController.swift */ = {isa = PBXFileReference; lastKnownFileType = sourcecode.swift; path = MyoScanTabViewController.swift; sourceTree = "<group>"; };
		488CE68E24D61BEF00572452 /* WalkthroughCollectionViewCell.swift */ = {isa = PBXFileReference; lastKnownFileType = sourcecode.swift; path = WalkthroughCollectionViewCell.swift; sourceTree = "<group>"; };
		488CE68F24D61BEF00572452 /* WalkthroughCollectionViewCell.xib */ = {isa = PBXFileReference; lastKnownFileType = file.xib; path = WalkthroughCollectionViewCell.xib; sourceTree = "<group>"; };
		488CE69224D61F6900572452 /* UPCarouselFlowLayout.swift */ = {isa = PBXFileReference; fileEncoding = 4; lastKnownFileType = sourcecode.swift; path = UPCarouselFlowLayout.swift; sourceTree = "<group>"; };
		489F1B6C24CE1F4B00CE816B /* MyoScan.app */ = {isa = PBXFileReference; explicitFileType = wrapper.application; includeInIndex = 0; path = MyoScan.app; sourceTree = BUILT_PRODUCTS_DIR; };
		489F1B6F24CE1F4B00CE816B /* AppDelegate.swift */ = {isa = PBXFileReference; lastKnownFileType = sourcecode.swift; path = AppDelegate.swift; sourceTree = "<group>"; };
		489F1B7124CE1F4B00CE816B /* SceneDelegate.swift */ = {isa = PBXFileReference; lastKnownFileType = sourcecode.swift; path = SceneDelegate.swift; sourceTree = "<group>"; };
		489F1B7324CE1F4B00CE816B /* ViewController.swift */ = {isa = PBXFileReference; lastKnownFileType = sourcecode.swift; path = ViewController.swift; sourceTree = "<group>"; };
		489F1B7624CE1F4B00CE816B /* Base */ = {isa = PBXFileReference; lastKnownFileType = file.storyboard; name = Base; path = Base.lproj/Main.storyboard; sourceTree = "<group>"; };
		489F1B7824CE1F4E00CE816B /* Assets.xcassets */ = {isa = PBXFileReference; lastKnownFileType = folder.assetcatalog; path = Assets.xcassets; sourceTree = "<group>"; };
		489F1B7B24CE1F4E00CE816B /* Base */ = {isa = PBXFileReference; lastKnownFileType = file.storyboard; name = Base; path = Base.lproj/LaunchScreen.storyboard; sourceTree = "<group>"; };
		489F1B7D24CE1F4E00CE816B /* Info.plist */ = {isa = PBXFileReference; lastKnownFileType = text.plist.xml; path = Info.plist; sourceTree = "<group>"; };
		489F1B8224CE1F4E00CE816B /* MyoScanTests.xctest */ = {isa = PBXFileReference; explicitFileType = wrapper.cfbundle; includeInIndex = 0; path = MyoScanTests.xctest; sourceTree = BUILT_PRODUCTS_DIR; };
		489F1B8624CE1F4E00CE816B /* MyoScanTests.swift */ = {isa = PBXFileReference; lastKnownFileType = sourcecode.swift; path = MyoScanTests.swift; sourceTree = "<group>"; };
		489F1B8824CE1F4E00CE816B /* Info.plist */ = {isa = PBXFileReference; lastKnownFileType = text.plist.xml; path = Info.plist; sourceTree = "<group>"; };
		489F1B8D24CE1F4E00CE816B /* MyoScanUITests.xctest */ = {isa = PBXFileReference; explicitFileType = wrapper.cfbundle; includeInIndex = 0; path = MyoScanUITests.xctest; sourceTree = BUILT_PRODUCTS_DIR; };
		489F1B9124CE1F4E00CE816B /* MyoScanUITests.swift */ = {isa = PBXFileReference; lastKnownFileType = sourcecode.swift; path = MyoScanUITests.swift; sourceTree = "<group>"; };
		489F1B9324CE1F4E00CE816B /* Info.plist */ = {isa = PBXFileReference; lastKnownFileType = text.plist.xml; path = Info.plist; sourceTree = "<group>"; };
		48FFA65924CE2C19002E3251 /* MyoScanViewController.swift */ = {isa = PBXFileReference; lastKnownFileType = sourcecode.swift; path = MyoScanViewController.swift; sourceTree = "<group>"; };
		48FFA65B24CE2C74002E3251 /* NavViewController.swift */ = {isa = PBXFileReference; lastKnownFileType = sourcecode.swift; path = NavViewController.swift; sourceTree = "<group>"; };
		C57C31B924D7796E000623D8 /* AuthorizeViewController.swift */ = {isa = PBXFileReference; lastKnownFileType = sourcecode.swift; path = AuthorizeViewController.swift; sourceTree = "<group>"; };
		C58FA51F24CF580600B0C741 /* DeviceSelectViewController.swift */ = {isa = PBXFileReference; lastKnownFileType = sourcecode.swift; path = DeviceSelectViewController.swift; sourceTree = "<group>"; };
		C58FA52124CF5B2C00B0C741 /* BLEControl.swift */ = {isa = PBXFileReference; lastKnownFileType = sourcecode.swift; path = BLEControl.swift; sourceTree = "<group>"; };
		C58FA52324CF5F9900B0C741 /* DevicePairingConstants.swift */ = {isa = PBXFileReference; lastKnownFileType = sourcecode.swift; path = DevicePairingConstants.swift; sourceTree = "<group>"; };
		C58FA52524CF707A00B0C741 /* PairViewController.swift */ = {isa = PBXFileReference; lastKnownFileType = sourcecode.swift; path = PairViewController.swift; sourceTree = "<group>"; };
		C58FA52724CF70F100B0C741 /* StreamViewController.swift */ = {isa = PBXFileReference; lastKnownFileType = sourcecode.swift; path = StreamViewController.swift; sourceTree = "<group>"; };
		C58FA52B24D0E9E300B0C741 /* MyoScan.entitlements */ = {isa = PBXFileReference; lastKnownFileType = text.plist.entitlements; path = MyoScan.entitlements; sourceTree = "<group>"; };
		C58FA52D24D0E9E300B0C741 /* HealthKit.framework */ = {isa = PBXFileReference; lastKnownFileType = wrapper.framework; name = HealthKit.framework; path = System/Library/Frameworks/HealthKit.framework; sourceTree = SDKROOT; };
/* End PBXFileReference section */

/* Begin PBXFrameworksBuildPhase section */
		489F1B6924CE1F4B00CE816B /* Frameworks */ = {
			isa = PBXFrameworksBuildPhase;
			buildActionMask = 2147483647;
			files = (
				C58FA52E24D0E9E300B0C741 /* HealthKit.framework in Frameworks */,
			);
			runOnlyForDeploymentPostprocessing = 0;
		};
		489F1B7F24CE1F4E00CE816B /* Frameworks */ = {
			isa = PBXFrameworksBuildPhase;
			buildActionMask = 2147483647;
			files = (
			);
			runOnlyForDeploymentPostprocessing = 0;
		};
		489F1B8A24CE1F4E00CE816B /* Frameworks */ = {
			isa = PBXFrameworksBuildPhase;
			buildActionMask = 2147483647;
			files = (
			);
			runOnlyForDeploymentPostprocessing = 0;
		};
/* End PBXFrameworksBuildPhase section */

/* Begin PBXGroup section */
		489F1B6324CE1F4A00CE816B = {
			isa = PBXGroup;
			children = (
				489F1B6E24CE1F4B00CE816B /* MyoScan */,
				489F1B8524CE1F4E00CE816B /* MyoScanTests */,
				489F1B9024CE1F4E00CE816B /* MyoScanUITests */,
				489F1B6D24CE1F4B00CE816B /* Products */,
				C58FA52C24D0E9E300B0C741 /* Frameworks */,
			);
			sourceTree = "<group>";
		};
		489F1B6D24CE1F4B00CE816B /* Products */ = {
			isa = PBXGroup;
			children = (
				489F1B6C24CE1F4B00CE816B /* MyoScan.app */,
				489F1B8224CE1F4E00CE816B /* MyoScanTests.xctest */,
				489F1B8D24CE1F4E00CE816B /* MyoScanUITests.xctest */,
			);
			name = Products;
			sourceTree = "<group>";
		};
		489F1B6E24CE1F4B00CE816B /* MyoScan */ = {
			isa = PBXGroup;
			children = (
				C58FA52B24D0E9E300B0C741 /* MyoScan.entitlements */,
				489F1B6F24CE1F4B00CE816B /* AppDelegate.swift */,
				489F1B7124CE1F4B00CE816B /* SceneDelegate.swift */,
				489F1B7324CE1F4B00CE816B /* ViewController.swift */,
				489F1B7524CE1F4B00CE816B /* Main.storyboard */,
				4866ABBB24CE4B6100294BBD /* MyoScanTabViewController.swift */,
				48FFA65B24CE2C74002E3251 /* NavViewController.swift */,
				48FFA65924CE2C19002E3251 /* MyoScanViewController.swift */,
				488CE69224D61F6900572452 /* UPCarouselFlowLayout.swift */,
				488CE68E24D61BEF00572452 /* WalkthroughCollectionViewCell.swift */,
				488CE68F24D61BEF00572452 /* WalkthroughCollectionViewCell.xib */,
				489F1B7824CE1F4E00CE816B /* Assets.xcassets */,
				C58FA51E24CF57CA00B0C741 /* DevicePairing */,
				489F1B7A24CE1F4E00CE816B /* LaunchScreen.storyboard */,
				489F1B7D24CE1F4E00CE816B /* Info.plist */,
			);
			path = MyoScan;
			sourceTree = "<group>";
		};
		489F1B8524CE1F4E00CE816B /* MyoScanTests */ = {
			isa = PBXGroup;
			children = (
				489F1B8624CE1F4E00CE816B /* MyoScanTests.swift */,
				489F1B8824CE1F4E00CE816B /* Info.plist */,
			);
			path = MyoScanTests;
			sourceTree = "<group>";
		};
		489F1B9024CE1F4E00CE816B /* MyoScanUITests */ = {
			isa = PBXGroup;
			children = (
				489F1B9124CE1F4E00CE816B /* MyoScanUITests.swift */,
				489F1B9324CE1F4E00CE816B /* Info.plist */,
			);
			path = MyoScanUITests;
			sourceTree = "<group>";
		};
		C58FA51E24CF57CA00B0C741 /* DevicePairing */ = {
			isa = PBXGroup;
			children = (
				C58FA51F24CF580600B0C741 /* DeviceSelectViewController.swift */,
				C58FA52324CF5F9900B0C741 /* DevicePairingConstants.swift */,
				C57C31B924D7796E000623D8 /* AuthorizeViewController.swift */,
				C58FA52724CF70F100B0C741 /* StreamViewController.swift */,
				C58FA52524CF707A00B0C741 /* PairViewController.swift */,
				C58FA52124CF5B2C00B0C741 /* BLEControl.swift */,
			);
			path = DevicePairing;
			sourceTree = "<group>";
		};
		C58FA52C24D0E9E300B0C741 /* Frameworks */ = {
			isa = PBXGroup;
			children = (
				C58FA52D24D0E9E300B0C741 /* HealthKit.framework */,
			);
			name = Frameworks;
			sourceTree = "<group>";
		};
/* End PBXGroup section */

/* Begin PBXNativeTarget section */
		489F1B6B24CE1F4B00CE816B /* MyoScan */ = {
			isa = PBXNativeTarget;
			buildConfigurationList = 489F1B9624CE1F4E00CE816B /* Build configuration list for PBXNativeTarget "MyoScan" */;
			buildPhases = (
				489F1B6824CE1F4B00CE816B /* Sources */,
				489F1B6924CE1F4B00CE816B /* Frameworks */,
				489F1B6A24CE1F4B00CE816B /* Resources */,
			);
			buildRules = (
			);
			dependencies = (
			);
			name = MyoScan;
			productName = MyoScan;
			productReference = 489F1B6C24CE1F4B00CE816B /* MyoScan.app */;
			productType = "com.apple.product-type.application";
		};
		489F1B8124CE1F4E00CE816B /* MyoScanTests */ = {
			isa = PBXNativeTarget;
			buildConfigurationList = 489F1B9924CE1F4E00CE816B /* Build configuration list for PBXNativeTarget "MyoScanTests" */;
			buildPhases = (
				489F1B7E24CE1F4E00CE816B /* Sources */,
				489F1B7F24CE1F4E00CE816B /* Frameworks */,
				489F1B8024CE1F4E00CE816B /* Resources */,
			);
			buildRules = (
			);
			dependencies = (
				489F1B8424CE1F4E00CE816B /* PBXTargetDependency */,
			);
			name = MyoScanTests;
			productName = MyoScanTests;
			productReference = 489F1B8224CE1F4E00CE816B /* MyoScanTests.xctest */;
			productType = "com.apple.product-type.bundle.unit-test";
		};
		489F1B8C24CE1F4E00CE816B /* MyoScanUITests */ = {
			isa = PBXNativeTarget;
			buildConfigurationList = 489F1B9C24CE1F4E00CE816B /* Build configuration list for PBXNativeTarget "MyoScanUITests" */;
			buildPhases = (
				489F1B8924CE1F4E00CE816B /* Sources */,
				489F1B8A24CE1F4E00CE816B /* Frameworks */,
				489F1B8B24CE1F4E00CE816B /* Resources */,
			);
			buildRules = (
			);
			dependencies = (
				489F1B8F24CE1F4E00CE816B /* PBXTargetDependency */,
			);
			name = MyoScanUITests;
			productName = MyoScanUITests;
			productReference = 489F1B8D24CE1F4E00CE816B /* MyoScanUITests.xctest */;
			productType = "com.apple.product-type.bundle.ui-testing";
		};
/* End PBXNativeTarget section */

/* Begin PBXProject section */
		489F1B6424CE1F4A00CE816B /* Project object */ = {
			isa = PBXProject;
			attributes = {
				LastSwiftUpdateCheck = 1150;
				LastUpgradeCheck = 1150;
				ORGANIZATIONNAME = "Aditya Sharma";
				TargetAttributes = {
					489F1B6B24CE1F4B00CE816B = {
						CreatedOnToolsVersion = 11.5;
					};
					489F1B8124CE1F4E00CE816B = {
						CreatedOnToolsVersion = 11.5;
						TestTargetID = 489F1B6B24CE1F4B00CE816B;
					};
					489F1B8C24CE1F4E00CE816B = {
						CreatedOnToolsVersion = 11.5;
						TestTargetID = 489F1B6B24CE1F4B00CE816B;
					};
				};
			};
			buildConfigurationList = 489F1B6724CE1F4A00CE816B /* Build configuration list for PBXProject "MyoScan" */;
			compatibilityVersion = "Xcode 9.3";
			developmentRegion = en;
			hasScannedForEncodings = 0;
			knownRegions = (
				en,
				Base,
			);
			mainGroup = 489F1B6324CE1F4A00CE816B;
			productRefGroup = 489F1B6D24CE1F4B00CE816B /* Products */;
			projectDirPath = "";
			projectRoot = "";
			targets = (
				489F1B6B24CE1F4B00CE816B /* MyoScan */,
				489F1B8124CE1F4E00CE816B /* MyoScanTests */,
				489F1B8C24CE1F4E00CE816B /* MyoScanUITests */,
			);
		};
/* End PBXProject section */

/* Begin PBXResourcesBuildPhase section */
		489F1B6A24CE1F4B00CE816B /* Resources */ = {
			isa = PBXResourcesBuildPhase;
			buildActionMask = 2147483647;
			files = (
				489F1B7C24CE1F4E00CE816B /* LaunchScreen.storyboard in Resources */,
				489F1B7924CE1F4E00CE816B /* Assets.xcassets in Resources */,
				489F1B7724CE1F4B00CE816B /* Main.storyboard in Resources */,
				488CE69124D61BEF00572452 /* WalkthroughCollectionViewCell.xib in Resources */,
			);
			runOnlyForDeploymentPostprocessing = 0;
		};
		489F1B8024CE1F4E00CE816B /* Resources */ = {
			isa = PBXResourcesBuildPhase;
			buildActionMask = 2147483647;
			files = (
			);
			runOnlyForDeploymentPostprocessing = 0;
		};
		489F1B8B24CE1F4E00CE816B /* Resources */ = {
			isa = PBXResourcesBuildPhase;
			buildActionMask = 2147483647;
			files = (
			);
			runOnlyForDeploymentPostprocessing = 0;
		};
/* End PBXResourcesBuildPhase section */

/* Begin PBXSourcesBuildPhase section */
		489F1B6824CE1F4B00CE816B /* Sources */ = {
			isa = PBXSourcesBuildPhase;
			buildActionMask = 2147483647;
			files = (
				C58FA52624CF707A00B0C741 /* PairViewController.swift in Sources */,
				488CE69024D61BEF00572452 /* WalkthroughCollectionViewCell.swift in Sources */,
				489F1B7424CE1F4B00CE816B /* ViewController.swift in Sources */,
				C58FA52824CF70F100B0C741 /* StreamViewController.swift in Sources */,
				C57C31BA24D7796E000623D8 /* AuthorizeViewController.swift in Sources */,
				48FFA65C24CE2C74002E3251 /* NavViewController.swift in Sources */,
				C58FA52424CF5F9900B0C741 /* DevicePairingConstants.swift in Sources */,
				489F1B7024CE1F4B00CE816B /* AppDelegate.swift in Sources */,
				489F1B7224CE1F4B00CE816B /* SceneDelegate.swift in Sources */,
				48FFA65A24CE2C19002E3251 /* MyoScanViewController.swift in Sources */,
				C58FA52024CF580600B0C741 /* DeviceSelectViewController.swift in Sources */,
				4866ABBC24CE4B6100294BBD /* MyoScanTabViewController.swift in Sources */,
				488CE69324D61F6900572452 /* UPCarouselFlowLayout.swift in Sources */,
				C58FA52224CF5B2C00B0C741 /* BLEControl.swift in Sources */,
			);
			runOnlyForDeploymentPostprocessing = 0;
		};
		489F1B7E24CE1F4E00CE816B /* Sources */ = {
			isa = PBXSourcesBuildPhase;
			buildActionMask = 2147483647;
			files = (
				489F1B8724CE1F4E00CE816B /* MyoScanTests.swift in Sources */,
			);
			runOnlyForDeploymentPostprocessing = 0;
		};
		489F1B8924CE1F4E00CE816B /* Sources */ = {
			isa = PBXSourcesBuildPhase;
			buildActionMask = 2147483647;
			files = (
				489F1B9224CE1F4E00CE816B /* MyoScanUITests.swift in Sources */,
			);
			runOnlyForDeploymentPostprocessing = 0;
		};
/* End PBXSourcesBuildPhase section */

/* Begin PBXTargetDependency section */
		489F1B8424CE1F4E00CE816B /* PBXTargetDependency */ = {
			isa = PBXTargetDependency;
			target = 489F1B6B24CE1F4B00CE816B /* MyoScan */;
			targetProxy = 489F1B8324CE1F4E00CE816B /* PBXContainerItemProxy */;
		};
		489F1B8F24CE1F4E00CE816B /* PBXTargetDependency */ = {
			isa = PBXTargetDependency;
			target = 489F1B6B24CE1F4B00CE816B /* MyoScan */;
			targetProxy = 489F1B8E24CE1F4E00CE816B /* PBXContainerItemProxy */;
		};
/* End PBXTargetDependency section */

/* Begin PBXVariantGroup section */
		489F1B7524CE1F4B00CE816B /* Main.storyboard */ = {
			isa = PBXVariantGroup;
			children = (
				489F1B7624CE1F4B00CE816B /* Base */,
			);
			name = Main.storyboard;
			sourceTree = "<group>";
		};
		489F1B7A24CE1F4E00CE816B /* LaunchScreen.storyboard */ = {
			isa = PBXVariantGroup;
			children = (
				489F1B7B24CE1F4E00CE816B /* Base */,
			);
			name = LaunchScreen.storyboard;
			sourceTree = "<group>";
		};
/* End PBXVariantGroup section */

/* Begin XCBuildConfiguration section */
		489F1B9424CE1F4E00CE816B /* Debug */ = {
			isa = XCBuildConfiguration;
			buildSettings = {
				ALWAYS_SEARCH_USER_PATHS = NO;
				CLANG_ANALYZER_NONNULL = YES;
				CLANG_ANALYZER_NUMBER_OBJECT_CONVERSION = YES_AGGRESSIVE;
				CLANG_CXX_LANGUAGE_STANDARD = "gnu++14";
				CLANG_CXX_LIBRARY = "libc++";
				CLANG_ENABLE_MODULES = YES;
				CLANG_ENABLE_OBJC_ARC = YES;
				CLANG_ENABLE_OBJC_WEAK = YES;
				CLANG_WARN_BLOCK_CAPTURE_AUTORELEASING = YES;
				CLANG_WARN_BOOL_CONVERSION = YES;
				CLANG_WARN_COMMA = YES;
				CLANG_WARN_CONSTANT_CONVERSION = YES;
				CLANG_WARN_DEPRECATED_OBJC_IMPLEMENTATIONS = YES;
				CLANG_WARN_DIRECT_OBJC_ISA_USAGE = YES_ERROR;
				CLANG_WARN_DOCUMENTATION_COMMENTS = YES;
				CLANG_WARN_EMPTY_BODY = YES;
				CLANG_WARN_ENUM_CONVERSION = YES;
				CLANG_WARN_INFINITE_RECURSION = YES;
				CLANG_WARN_INT_CONVERSION = YES;
				CLANG_WARN_NON_LITERAL_NULL_CONVERSION = YES;
				CLANG_WARN_OBJC_IMPLICIT_RETAIN_SELF = YES;
				CLANG_WARN_OBJC_LITERAL_CONVERSION = YES;
				CLANG_WARN_OBJC_ROOT_CLASS = YES_ERROR;
				CLANG_WARN_RANGE_LOOP_ANALYSIS = YES;
				CLANG_WARN_STRICT_PROTOTYPES = YES;
				CLANG_WARN_SUSPICIOUS_MOVE = YES;
				CLANG_WARN_UNGUARDED_AVAILABILITY = YES_AGGRESSIVE;
				CLANG_WARN_UNREACHABLE_CODE = YES;
				CLANG_WARN__DUPLICATE_METHOD_MATCH = YES;
				COPY_PHASE_STRIP = NO;
				DEBUG_INFORMATION_FORMAT = dwarf;
				ENABLE_STRICT_OBJC_MSGSEND = YES;
				ENABLE_TESTABILITY = YES;
				GCC_C_LANGUAGE_STANDARD = gnu11;
				GCC_DYNAMIC_NO_PIC = NO;
				GCC_NO_COMMON_BLOCKS = YES;
				GCC_OPTIMIZATION_LEVEL = 0;
				GCC_PREPROCESSOR_DEFINITIONS = (
					"DEBUG=1",
					"$(inherited)",
				);
				GCC_WARN_64_TO_32_BIT_CONVERSION = YES;
				GCC_WARN_ABOUT_RETURN_TYPE = YES_ERROR;
				GCC_WARN_UNDECLARED_SELECTOR = YES;
				GCC_WARN_UNINITIALIZED_AUTOS = YES_AGGRESSIVE;
				GCC_WARN_UNUSED_FUNCTION = YES;
				GCC_WARN_UNUSED_VARIABLE = YES;
				IPHONEOS_DEPLOYMENT_TARGET = 13.5;
				MTL_ENABLE_DEBUG_INFO = INCLUDE_SOURCE;
				MTL_FAST_MATH = YES;
				ONLY_ACTIVE_ARCH = YES;
				SDKROOT = iphoneos;
				SWIFT_ACTIVE_COMPILATION_CONDITIONS = DEBUG;
				SWIFT_OPTIMIZATION_LEVEL = "-Onone";
			};
			name = Debug;
		};
		489F1B9524CE1F4E00CE816B /* Release */ = {
			isa = XCBuildConfiguration;
			buildSettings = {
				ALWAYS_SEARCH_USER_PATHS = NO;
				CLANG_ANALYZER_NONNULL = YES;
				CLANG_ANALYZER_NUMBER_OBJECT_CONVERSION = YES_AGGRESSIVE;
				CLANG_CXX_LANGUAGE_STANDARD = "gnu++14";
				CLANG_CXX_LIBRARY = "libc++";
				CLANG_ENABLE_MODULES = YES;
				CLANG_ENABLE_OBJC_ARC = YES;
				CLANG_ENABLE_OBJC_WEAK = YES;
				CLANG_WARN_BLOCK_CAPTURE_AUTORELEASING = YES;
				CLANG_WARN_BOOL_CONVERSION = YES;
				CLANG_WARN_COMMA = YES;
				CLANG_WARN_CONSTANT_CONVERSION = YES;
				CLANG_WARN_DEPRECATED_OBJC_IMPLEMENTATIONS = YES;
				CLANG_WARN_DIRECT_OBJC_ISA_USAGE = YES_ERROR;
				CLANG_WARN_DOCUMENTATION_COMMENTS = YES;
				CLANG_WARN_EMPTY_BODY = YES;
				CLANG_WARN_ENUM_CONVERSION = YES;
				CLANG_WARN_INFINITE_RECURSION = YES;
				CLANG_WARN_INT_CONVERSION = YES;
				CLANG_WARN_NON_LITERAL_NULL_CONVERSION = YES;
				CLANG_WARN_OBJC_IMPLICIT_RETAIN_SELF = YES;
				CLANG_WARN_OBJC_LITERAL_CONVERSION = YES;
				CLANG_WARN_OBJC_ROOT_CLASS = YES_ERROR;
				CLANG_WARN_RANGE_LOOP_ANALYSIS = YES;
				CLANG_WARN_STRICT_PROTOTYPES = YES;
				CLANG_WARN_SUSPICIOUS_MOVE = YES;
				CLANG_WARN_UNGUARDED_AVAILABILITY = YES_AGGRESSIVE;
				CLANG_WARN_UNREACHABLE_CODE = YES;
				CLANG_WARN__DUPLICATE_METHOD_MATCH = YES;
				COPY_PHASE_STRIP = NO;
				DEBUG_INFORMATION_FORMAT = "dwarf-with-dsym";
				ENABLE_NS_ASSERTIONS = NO;
				ENABLE_STRICT_OBJC_MSGSEND = YES;
				GCC_C_LANGUAGE_STANDARD = gnu11;
				GCC_NO_COMMON_BLOCKS = YES;
				GCC_WARN_64_TO_32_BIT_CONVERSION = YES;
				GCC_WARN_ABOUT_RETURN_TYPE = YES_ERROR;
				GCC_WARN_UNDECLARED_SELECTOR = YES;
				GCC_WARN_UNINITIALIZED_AUTOS = YES_AGGRESSIVE;
				GCC_WARN_UNUSED_FUNCTION = YES;
				GCC_WARN_UNUSED_VARIABLE = YES;
				IPHONEOS_DEPLOYMENT_TARGET = 13.5;
				MTL_ENABLE_DEBUG_INFO = NO;
				MTL_FAST_MATH = YES;
				SDKROOT = iphoneos;
				SWIFT_COMPILATION_MODE = wholemodule;
				SWIFT_OPTIMIZATION_LEVEL = "-O";
				VALIDATE_PRODUCT = YES;
			};
			name = Release;
		};
		489F1B9724CE1F4E00CE816B /* Debug */ = {
			isa = XCBuildConfiguration;
			buildSettings = {
				ASSETCATALOG_COMPILER_APPICON_NAME = AppIcon;
				CODE_SIGN_ENTITLEMENTS = MyoScan/MyoScan.entitlements;
				CODE_SIGN_STYLE = Automatic;
				DEVELOPMENT_TEAM = 6WM3L6GXTU;
				INFOPLIST_FILE = MyoScan/Info.plist;
				LD_RUNPATH_SEARCH_PATHS = (
					"$(inherited)",
					"@executable_path/Frameworks",
				);
				PRODUCT_BUNDLE_IDENTIFIER = com.adityasharma1709.MyoScan;
				PRODUCT_NAME = "$(TARGET_NAME)";
				SWIFT_VERSION = 5.0;
				TARGETED_DEVICE_FAMILY = "1,2";
			};
			name = Debug;
		};
		489F1B9824CE1F4E00CE816B /* Release */ = {
			isa = XCBuildConfiguration;
			buildSettings = {
				ASSETCATALOG_COMPILER_APPICON_NAME = AppIcon;
				CODE_SIGN_ENTITLEMENTS = MyoScan/MyoScan.entitlements;
				CODE_SIGN_STYLE = Automatic;
				DEVELOPMENT_TEAM = 6WM3L6GXTU;
				INFOPLIST_FILE = MyoScan/Info.plist;
				LD_RUNPATH_SEARCH_PATHS = (
					"$(inherited)",
					"@executable_path/Frameworks",
				);
				PRODUCT_BUNDLE_IDENTIFIER = com.adityasharma1709.MyoScan;
				PRODUCT_NAME = "$(TARGET_NAME)";
				SWIFT_VERSION = 5.0;
				TARGETED_DEVICE_FAMILY = "1,2";
			};
			name = Release;
		};
		489F1B9A24CE1F4E00CE816B /* Debug */ = {
			isa = XCBuildConfiguration;
			buildSettings = {
				ALWAYS_EMBED_SWIFT_STANDARD_LIBRARIES = YES;
				BUNDLE_LOADER = "$(TEST_HOST)";
				CODE_SIGN_STYLE = Automatic;
				DEVELOPMENT_TEAM = W9K3586753;
				INFOPLIST_FILE = MyoScanTests/Info.plist;
				IPHONEOS_DEPLOYMENT_TARGET = 13.5;
				LD_RUNPATH_SEARCH_PATHS = (
					"$(inherited)",
					"@executable_path/Frameworks",
					"@loader_path/Frameworks",
				);
				PRODUCT_BUNDLE_IDENTIFIER = com.adityasharma1709.MyoScanTests;
				PRODUCT_NAME = "$(TARGET_NAME)";
				SWIFT_VERSION = 5.0;
				TARGETED_DEVICE_FAMILY = "1,2";
				TEST_HOST = "$(BUILT_PRODUCTS_DIR)/MyoScan.app/MyoScan";
			};
			name = Debug;
		};
		489F1B9B24CE1F4E00CE816B /* Release */ = {
			isa = XCBuildConfiguration;
			buildSettings = {
				ALWAYS_EMBED_SWIFT_STANDARD_LIBRARIES = YES;
				BUNDLE_LOADER = "$(TEST_HOST)";
				CODE_SIGN_STYLE = Automatic;
				DEVELOPMENT_TEAM = W9K3586753;
				INFOPLIST_FILE = MyoScanTests/Info.plist;
				IPHONEOS_DEPLOYMENT_TARGET = 13.5;
				LD_RUNPATH_SEARCH_PATHS = (
					"$(inherited)",
					"@executable_path/Frameworks",
					"@loader_path/Frameworks",
				);
				PRODUCT_BUNDLE_IDENTIFIER = com.adityasharma1709.MyoScanTests;
				PRODUCT_NAME = "$(TARGET_NAME)";
				SWIFT_VERSION = 5.0;
				TARGETED_DEVICE_FAMILY = "1,2";
				TEST_HOST = "$(BUILT_PRODUCTS_DIR)/MyoScan.app/MyoScan";
			};
			name = Release;
		};
		489F1B9D24CE1F4E00CE816B /* Debug */ = {
			isa = XCBuildConfiguration;
			buildSettings = {
				ALWAYS_EMBED_SWIFT_STANDARD_LIBRARIES = YES;
				CODE_SIGN_STYLE = Automatic;
				DEVELOPMENT_TEAM = W9K3586753;
				INFOPLIST_FILE = MyoScanUITests/Info.plist;
				LD_RUNPATH_SEARCH_PATHS = (
					"$(inherited)",
					"@executable_path/Frameworks",
					"@loader_path/Frameworks",
				);
				PRODUCT_BUNDLE_IDENTIFIER = com.adityasharma1709.MyoScanUITests;
				PRODUCT_NAME = "$(TARGET_NAME)";
				SWIFT_VERSION = 5.0;
				TARGETED_DEVICE_FAMILY = "1,2";
				TEST_TARGET_NAME = MyoScan;
			};
			name = Debug;
		};
		489F1B9E24CE1F4E00CE816B /* Release */ = {
			isa = XCBuildConfiguration;
			buildSettings = {
				ALWAYS_EMBED_SWIFT_STANDARD_LIBRARIES = YES;
				CODE_SIGN_STYLE = Automatic;
				DEVELOPMENT_TEAM = W9K3586753;
				INFOPLIST_FILE = MyoScanUITests/Info.plist;
				LD_RUNPATH_SEARCH_PATHS = (
					"$(inherited)",
					"@executable_path/Frameworks",
					"@loader_path/Frameworks",
				);
				PRODUCT_BUNDLE_IDENTIFIER = com.adityasharma1709.MyoScanUITests;
				PRODUCT_NAME = "$(TARGET_NAME)";
				SWIFT_VERSION = 5.0;
				TARGETED_DEVICE_FAMILY = "1,2";
				TEST_TARGET_NAME = MyoScan;
			};
			name = Release;
		};
/* End XCBuildConfiguration section */

/* Begin XCConfigurationList section */
		489F1B6724CE1F4A00CE816B /* Build configuration list for PBXProject "MyoScan" */ = {
			isa = XCConfigurationList;
			buildConfigurations = (
				489F1B9424CE1F4E00CE816B /* Debug */,
				489F1B9524CE1F4E00CE816B /* Release */,
			);
			defaultConfigurationIsVisible = 0;
			defaultConfigurationName = Release;
		};
		489F1B9624CE1F4E00CE816B /* Build configuration list for PBXNativeTarget "MyoScan" */ = {
			isa = XCConfigurationList;
			buildConfigurations = (
				489F1B9724CE1F4E00CE816B /* Debug */,
				489F1B9824CE1F4E00CE816B /* Release */,
			);
			defaultConfigurationIsVisible = 0;
			defaultConfigurationName = Release;
		};
		489F1B9924CE1F4E00CE816B /* Build configuration list for PBXNativeTarget "MyoScanTests" */ = {
			isa = XCConfigurationList;
			buildConfigurations = (
				489F1B9A24CE1F4E00CE816B /* Debug */,
				489F1B9B24CE1F4E00CE816B /* Release */,
			);
			defaultConfigurationIsVisible = 0;
			defaultConfigurationName = Release;
		};
		489F1B9C24CE1F4E00CE816B /* Build configuration list for PBXNativeTarget "MyoScanUITests" */ = {
			isa = XCConfigurationList;
			buildConfigurations = (
				489F1B9D24CE1F4E00CE816B /* Debug */,
				489F1B9E24CE1F4E00CE816B /* Release */,
			);
			defaultConfigurationIsVisible = 0;
			defaultConfigurationName = Release;
		};
/* End XCConfigurationList section */
	};
	rootObject = 489F1B6424CE1F4A00CE816B /* Project object */;
}
